// !$*UTF8*$!
{
	archiveVersion = 1;
	classes = {
	};
	objectVersion = 42;
	objects = {

/* Begin PBXBuildFile section */
		8D15AC2D0486D014006FF6A4 /* MainMenu.nib in Resources */ = {isa = PBXBuildFile; fileRef = 2A37F4B6FDCFA73011CA2CEA /* MainMenu.nib */; };
		8D15AC2E0486D014006FF6A4 /* MyDocument.nib in Resources */ = {isa = PBXBuildFile; fileRef = 2A37F4B4FDCFA73011CA2CEA /* MyDocument.nib */; };
		8D15AC2F0486D014006FF6A4 /* InfoPlist.strings in Resources */ = {isa = PBXBuildFile; fileRef = 089C165FFE840EACC02AAC07 /* InfoPlist.strings */; };
		8D15AC310486D014006FF6A4 /* MyDocument.m in Sources */ = {isa = PBXBuildFile; fileRef = 2A37F4ACFDCFA73011CA2CEA /* MyDocument.m */; settings = {ATTRIBUTES = (); }; };
		8D15AC320486D014006FF6A4 /* main.m in Sources */ = {isa = PBXBuildFile; fileRef = 2A37F4B0FDCFA73011CA2CEA /* main.m */; settings = {ATTRIBUTES = (); }; };
		8D15AC340486D014006FF6A4 /* Cocoa.framework in Frameworks */ = {isa = PBXBuildFile; fileRef = 1058C7A7FEA54F5311CA2CBB /* Cocoa.framework */; };
		FE05D411085E3C6F002675C3 /* Quartz.framework in Frameworks */ = {isa = PBXBuildFile; fileRef = FE05D410085E3C6F002675C3 /* Quartz.framework */; };
		FE3B332E07F258EB002D8F4C /* MyApplication.m in Sources */ = {isa = PBXBuildFile; fileRef = FE3B332D07F258EB002D8F4C /* MyApplication.m */; };
		FE3B338807F26653002D8F4C /* Controller.m in Sources */ = {isa = PBXBuildFile; fileRef = FE3B338707F26653002D8F4C /* Controller.m */; };
		FE3B33D107F26822002D8F4C /* MyWindowController.m in Sources */ = {isa = PBXBuildFile; fileRef = FE3B33D007F26822002D8F4C /* MyWindowController.m */; };
		FE3B344807F26ED1002D8F4C /* ToolbarBackAdorn.tif in Resources */ = {isa = PBXBuildFile; fileRef = FE3B344407F26ED1002D8F4C /* ToolbarBackAdorn.tif */; };
		FE3B344907F26ED1002D8F4C /* ToolbarForwardAdorn.tif in Resources */ = {isa = PBXBuildFile; fileRef = FE3B344507F26ED1002D8F4C /* ToolbarForwardAdorn.tif */; };
		FE3B344A07F26ED1002D8F4C /* ToolbarNextPageImage.tif in Resources */ = {isa = PBXBuildFile; fileRef = FE3B344607F26ED1002D8F4C /* ToolbarNextPageImage.tif */; };
		FE3B344B07F26ED1002D8F4C /* ToolbarPreviousPageImage.tif in Resources */ = {isa = PBXBuildFile; fileRef = FE3B344707F26ED1002D8F4C /* ToolbarPreviousPageImage.tif */; };
		FE8BF82D08397DA400892330 /* ToolbarDrawerImage.tif in Resources */ = {isa = PBXBuildFile; fileRef = FE8BF82C08397DA400892330 /* ToolbarDrawerImage.tif */; };
		FEE83FB4080C811600F0AACD /* MyPDFView.m in Sources */ = {isa = PBXBuildFile; fileRef = FEE83FB3080C811600F0AACD /* MyPDFView.m */; };
		FEFAFAD907F39A5400A1E05A /* ToolbarView1Adorn.tif in Resources */ = {isa = PBXBuildFile; fileRef = FEFAFAD807F39A5400A1E05A /* ToolbarView1Adorn.tif */; };
		FEFAFADF07F39B8E00A1E05A /* ToolbarView2Adorn.tif in Resources */ = {isa = PBXBuildFile; fileRef = FEFAFADD07F39B8E00A1E05A /* ToolbarView2Adorn.tif */; };
		FEFAFAE007F39B8E00A1E05A /* ToolbarView3Adorn.tif in Resources */ = {isa = PBXBuildFile; fileRef = FEFAFADE07F39B8E00A1E05A /* ToolbarView3Adorn.tif */; };
/* End PBXBuildFile section */

/* Begin PBXFileReference section */
		089C1660FE840EACC02AAC07 /* English */ = {isa = PBXFileReference; fileEncoding = 10; lastKnownFileType = text.plist.strings; name = English; path = English.lproj/InfoPlist.strings; sourceTree = "<group>"; };
		1058C7A7FEA54F5311CA2CBB /* Cocoa.framework */ = {isa = PBXFileReference; lastKnownFileType = wrapper.framework; name = Cocoa.framework; path = /System/Library/Frameworks/Cocoa.framework; sourceTree = "<absolute>"; };
		2A37F4ACFDCFA73011CA2CEA /* MyDocument.m */ = {isa = PBXFileReference; fileEncoding = 4; lastKnownFileType = sourcecode.c.objc; path = MyDocument.m; sourceTree = "<group>"; };
		2A37F4AEFDCFA73011CA2CEA /* MyDocument.h */ = {isa = PBXFileReference; fileEncoding = 4; lastKnownFileType = sourcecode.c.h; path = MyDocument.h; sourceTree = "<group>"; };
		2A37F4B0FDCFA73011CA2CEA /* main.m */ = {isa = PBXFileReference; fileEncoding = 4; lastKnownFileType = sourcecode.c.objc; path = main.m; sourceTree = "<group>"; };
		2A37F4B5FDCFA73011CA2CEA /* English */ = {isa = PBXFileReference; lastKnownFileType = wrapper.nib; name = English; path = English.lproj/MyDocument.nib; sourceTree = "<group>"; };
		2A37F4B7FDCFA73011CA2CEA /* English */ = {isa = PBXFileReference; lastKnownFileType = wrapper.nib; name = English; path = English.lproj/MainMenu.nib; sourceTree = "<group>"; };
		8D15AC360486D014006FF6A4 /* Info.plist */ = {isa = PBXFileReference; fileEncoding = 4; lastKnownFileType = text.plist; path = Info.plist; sourceTree = "<group>"; };
		8D15AC370486D014006FF6A4 /* ProductivePDF.app */ = {isa = PBXFileReference; explicitFileType = wrapper.application; includeInIndex = 0; path = ProductivePDF.app; sourceTree = BUILT_PRODUCTS_DIR; };
		FE05D410085E3C6F002675C3 /* Quartz.framework */ = {isa = PBXFileReference; lastKnownFileType = wrapper.framework; name = Quartz.framework; path = /System/Library/Frameworks/Quartz.framework; sourceTree = "<absolute>"; };
		FE3B332C07F258EB002D8F4C /* MyApplication.h */ = {isa = PBXFileReference; fileEncoding = 4; lastKnownFileType = sourcecode.c.h; path = MyApplication.h; sourceTree = "<group>"; };
		FE3B332D07F258EB002D8F4C /* MyApplication.m */ = {isa = PBXFileReference; fileEncoding = 4; lastKnownFileType = sourcecode.c.objc; path = MyApplication.m; sourceTree = "<group>"; };
		FE3B338607F26653002D8F4C /* Controller.h */ = {isa = PBXFileReference; fileEncoding = 4; lastKnownFileType = sourcecode.c.h; path = Controller.h; sourceTree = "<group>"; };
		FE3B338707F26653002D8F4C /* Controller.m */ = {isa = PBXFileReference; fileEncoding = 4; lastKnownFileType = sourcecode.c.objc; path = Controller.m; sourceTree = "<group>"; };
		FE3B33CF07F26822002D8F4C /* MyWindowController.h */ = {isa = PBXFileReference; fileEncoding = 4; lastKnownFileType = sourcecode.c.h; path = MyWindowController.h; sourceTree = "<group>"; };
		FE3B33D007F26822002D8F4C /* MyWindowController.m */ = {isa = PBXFileReference; fileEncoding = 4; lastKnownFileType = sourcecode.c.objc; path = MyWindowController.m; sourceTree = "<group>"; };
		FE3B344407F26ED1002D8F4C /* ToolbarBackAdorn.tif */ = {isa = PBXFileReference; lastKnownFileType = image.tiff; name = ToolbarBackAdorn.tif; path = Artwork/ToolbarBackAdorn.tif; sourceTree = "<group>"; };
		FE3B344507F26ED1002D8F4C /* ToolbarForwardAdorn.tif */ = {isa = PBXFileReference; lastKnownFileType = image.tiff; name = ToolbarForwardAdorn.tif; path = Artwork/ToolbarForwardAdorn.tif; sourceTree = "<group>"; };
		FE3B344607F26ED1002D8F4C /* ToolbarNextPageImage.tif */ = {isa = PBXFileReference; lastKnownFileType = image.tiff; name = ToolbarNextPageImage.tif; path = Artwork/ToolbarNextPageImage.tif; sourceTree = "<group>"; };
		FE3B344707F26ED1002D8F4C /* ToolbarPreviousPageImage.tif */ = {isa = PBXFileReference; lastKnownFileType = image.tiff; name = ToolbarPreviousPageImage.tif; path = Artwork/ToolbarPreviousPageImage.tif; sourceTree = "<group>"; };
		FE8BF82C08397DA400892330 /* ToolbarDrawerImage.tif */ = {isa = PBXFileReference; lastKnownFileType = image.tiff; name = ToolbarDrawerImage.tif; path = Artwork/ToolbarDrawerImage.tif; sourceTree = "<group>"; };
		FEE83FB2080C811600F0AACD /* MyPDFView.h */ = {isa = PBXFileReference; fileEncoding = 4; lastKnownFileType = sourcecode.c.h; path = MyPDFView.h; sourceTree = "<group>"; };
		FEE83FB3080C811600F0AACD /* MyPDFView.m */ = {isa = PBXFileReference; fileEncoding = 4; lastKnownFileType = sourcecode.c.objc; path = MyPDFView.m; sourceTree = "<group>"; };
		FEFAFAD807F39A5400A1E05A /* ToolbarView1Adorn.tif */ = {isa = PBXFileReference; lastKnownFileType = image.tiff; name = ToolbarView1Adorn.tif; path = Artwork/ToolbarView1Adorn.tif; sourceTree = "<group>"; };
		FEFAFADD07F39B8E00A1E05A /* ToolbarView2Adorn.tif */ = {isa = PBXFileReference; lastKnownFileType = image.tiff; name = ToolbarView2Adorn.tif; path = Artwork/ToolbarView2Adorn.tif; sourceTree = "<group>"; };
		FEFAFADE07F39B8E00A1E05A /* ToolbarView3Adorn.tif */ = {isa = PBXFileReference; lastKnownFileType = image.tiff; name = ToolbarView3Adorn.tif; path = Artwork/ToolbarView3Adorn.tif; sourceTree = "<group>"; };
/* End PBXFileReference section */

/* Begin PBXFrameworksBuildPhase section */
		8D15AC330486D014006FF6A4 /* Frameworks */ = {
			isa = PBXFrameworksBuildPhase;
			buildActionMask = 2147483647;
			files = (
				8D15AC340486D014006FF6A4 /* Cocoa.framework in Frameworks */,
				FE05D411085E3C6F002675C3 /* Quartz.framework in Frameworks */,
			);
			runOnlyForDeploymentPostprocessing = 0;
		};
/* End PBXFrameworksBuildPhase section */

/* Begin PBXGroup section */
		19C28FB0FE9D524F11CA2CBB /* Products */ = {
			isa = PBXGroup;
			children = (
				8D15AC370486D014006FF6A4 /* ProductivePDF.app */,
			);
			name = Products;
			sourceTree = "<group>";
		};
		2A37F4AAFDCFA73011CA2CEA /* PDF Linker */ = {
			isa = PBXGroup;
			children = (
				2A37F4ABFDCFA73011CA2CEA /* Classes */,
				2A37F4AFFDCFA73011CA2CEA /* Other Sources */,
				2A37F4B8FDCFA73011CA2CEA /* Resources */,
				2A37F4C3FDCFA73011CA2CEA /* Frameworks */,
				19C28FB0FE9D524F11CA2CBB /* Products */,
			);
			name = "PDF Linker";
			sourceTree = "<group>";
		};
		2A37F4ABFDCFA73011CA2CEA /* Classes */ = {
			isa = PBXGroup;
			children = (
				FE3B338607F26653002D8F4C /* Controller.h */,
				FE3B338707F26653002D8F4C /* Controller.m */,
				FE3B332C07F258EB002D8F4C /* MyApplication.h */,
				FE3B332D07F258EB002D8F4C /* MyApplication.m */,
				2A37F4AEFDCFA73011CA2CEA /* MyDocument.h */,
				2A37F4ACFDCFA73011CA2CEA /* MyDocument.m */,
				FEE83FB2080C811600F0AACD /* MyPDFView.h */,
				FEE83FB3080C811600F0AACD /* MyPDFView.m */,
				FE3B33CF07F26822002D8F4C /* MyWindowController.h */,
				FE3B33D007F26822002D8F4C /* MyWindowController.m */,
			);
			name = Classes;
			sourceTree = "<group>";
		};
		2A37F4AFFDCFA73011CA2CEA /* Other Sources */ = {
			isa = PBXGroup;
			children = (
				2A37F4B0FDCFA73011CA2CEA /* main.m */,
			);
			name = "Other Sources";
			sourceTree = "<group>";
		};
		2A37F4B8FDCFA73011CA2CEA /* Resources */ = {
			isa = PBXGroup;
			children = (
				FE3B344407F26ED1002D8F4C /* ToolbarBackAdorn.tif */,
				FE8BF82C08397DA400892330 /* ToolbarDrawerImage.tif */,
				FE3B344507F26ED1002D8F4C /* ToolbarForwardAdorn.tif */,
				FE3B344607F26ED1002D8F4C /* ToolbarNextPageImage.tif */,
				FE3B344707F26ED1002D8F4C /* ToolbarPreviousPageImage.tif */,
				FEFAFAD807F39A5400A1E05A /* ToolbarView1Adorn.tif */,
				FEFAFADD07F39B8E00A1E05A /* ToolbarView2Adorn.tif */,
				FEFAFADE07F39B8E00A1E05A /* ToolbarView3Adorn.tif */,
				2A37F4B6FDCFA73011CA2CEA /* MainMenu.nib */,
				2A37F4B4FDCFA73011CA2CEA /* MyDocument.nib */,
				8D15AC360486D014006FF6A4 /* Info.plist */,
				089C165FFE840EACC02AAC07 /* InfoPlist.strings */,
			);
			name = Resources;
			sourceTree = "<group>";
		};
		2A37F4C3FDCFA73011CA2CEA /* Frameworks */ = {
			isa = PBXGroup;
			children = (
				FE05D410085E3C6F002675C3 /* Quartz.framework */,
				1058C7A7FEA54F5311CA2CBB /* Cocoa.framework */,
			);
			name = Frameworks;
			sourceTree = "<group>";
		};
/* End PBXGroup section */

/* Begin PBXNativeTarget section */
		8D15AC270486D014006FF6A4 /* ProductivePDF */ = {
			isa = PBXNativeTarget;
			buildConfigurationList = 9F59D375089558A3001A998A /* Build configuration list for PBXNativeTarget "ProductivePDF" */;
			buildPhases = (
				8D15AC2B0486D014006FF6A4 /* Resources */,
				8D15AC300486D014006FF6A4 /* Sources */,
				8D15AC330486D014006FF6A4 /* Frameworks */,
			);
			buildRules = (
			);
			dependencies = (
			);
			name = ProductivePDF;
			productInstallPath = "$(HOME)/Applications";
			productName = "PDF Linker";
			productReference = 8D15AC370486D014006FF6A4 /* ProductivePDF.app */;
			productType = "com.apple.product-type.application";
		};
/* End PBXNativeTarget section */

/* Begin PBXProject section */
		2A37F4A9FDCFA73011CA2CEA /* Project object */ = {
			isa = PBXProject;
			buildConfigurationList = 9F59D379089558A3001A998A /* Build configuration list for PBXProject "ProductivePDF" */;
			compatibilityVersion = "Xcode 2.4";
			developmentRegion = English;
			hasScannedForEncodings = 1;
			knownRegions = (
				en,
			);
			mainGroup = 2A37F4AAFDCFA73011CA2CEA /* PDF Linker */;
			projectDirPath = "";
			projectRoot = "";
			targets = (
				8D15AC270486D014006FF6A4 /* ProductivePDF */,
			);
		};
/* End PBXProject section */

/* Begin PBXResourcesBuildPhase section */
		8D15AC2B0486D014006FF6A4 /* Resources */ = {
			isa = PBXResourcesBuildPhase;
			buildActionMask = 2147483647;
			files = (
				8D15AC2D0486D014006FF6A4 /* MainMenu.nib in Resources */,
				8D15AC2E0486D014006FF6A4 /* MyDocument.nib in Resources */,
				8D15AC2F0486D014006FF6A4 /* InfoPlist.strings in Resources */,
				FE3B344807F26ED1002D8F4C /* ToolbarBackAdorn.tif in Resources */,
				FE3B344907F26ED1002D8F4C /* ToolbarForwardAdorn.tif in Resources */,
				FE3B344A07F26ED1002D8F4C /* ToolbarNextPageImage.tif in Resources */,
				FE3B344B07F26ED1002D8F4C /* ToolbarPreviousPageImage.tif in Resources */,
				FEFAFAD907F39A5400A1E05A /* ToolbarView1Adorn.tif in Resources */,
				FEFAFADF07F39B8E00A1E05A /* ToolbarView2Adorn.tif in Resources */,
				FEFAFAE007F39B8E00A1E05A /* ToolbarView3Adorn.tif in Resources */,
				FE8BF82D08397DA400892330 /* ToolbarDrawerImage.tif in Resources */,
			);
			runOnlyForDeploymentPostprocessing = 0;
		};
/* End PBXResourcesBuildPhase section */

/* Begin PBXSourcesBuildPhase section */
		8D15AC300486D014006FF6A4 /* Sources */ = {
			isa = PBXSourcesBuildPhase;
			buildActionMask = 2147483647;
			files = (
				8D15AC310486D014006FF6A4 /* MyDocument.m in Sources */,
				8D15AC320486D014006FF6A4 /* main.m in Sources */,
				FE3B332E07F258EB002D8F4C /* MyApplication.m in Sources */,
				FE3B338807F26653002D8F4C /* Controller.m in Sources */,
				FE3B33D107F26822002D8F4C /* MyWindowController.m in Sources */,
				FEE83FB4080C811600F0AACD /* MyPDFView.m in Sources */,
			);
			runOnlyForDeploymentPostprocessing = 0;
		};
/* End PBXSourcesBuildPhase section */

/* Begin PBXVariantGroup section */
		089C165FFE840EACC02AAC07 /* InfoPlist.strings */ = {
			isa = PBXVariantGroup;
			children = (
				089C1660FE840EACC02AAC07 /* English */,
			);
			name = InfoPlist.strings;
			sourceTree = "<group>";
		};
		2A37F4B4FDCFA73011CA2CEA /* MyDocument.nib */ = {
			isa = PBXVariantGroup;
			children = (
				2A37F4B5FDCFA73011CA2CEA /* English */,
			);
			name = MyDocument.nib;
			sourceTree = "<group>";
		};
		2A37F4B6FDCFA73011CA2CEA /* MainMenu.nib */ = {
			isa = PBXVariantGroup;
			children = (
				2A37F4B7FDCFA73011CA2CEA /* English */,
			);
			name = MainMenu.nib;
			sourceTree = "<group>";
		};
/* End PBXVariantGroup section */

/* Begin XCBuildConfiguration section */
		9F59D376089558A3001A998A /* Development */ = {
			isa = XCBuildConfiguration;
			buildSettings = {
				ARCHS = "$(ARCHS_STANDARD_64_BIT_PRE_XCODE_3_1)";
				ARCHS_STANDARD_64_BIT_PRE_XCODE_3_1 = x86_64;
				COPY_PHASE_STRIP = NO;
				GCC_DYNAMIC_NO_PIC = NO;
				GCC_ENABLE_FIX_AND_CONTINUE = YES;
				GCC_GENERATE_DEBUGGING_SYMBOLS = YES;
				GCC_OPTIMIZATION_LEVEL = 0;
				GCC_PRECOMPILE_PREFIX_HEADER = YES;
				GCC_PREFIX_HEADER = "";
				GCC_WARN_ABOUT_RETURN_TYPE = YES;
				GCC_WARN_UNUSED_VARIABLE = YES;
				INFOPLIST_FILE = Info.plist;
				INSTALL_PATH = "$(HOME)/Applications";
				MACOSX_DEPLOYMENT_TARGET = 10.4;
				PREBINDING = NO;
				PRODUCT_NAME = ProductivePDF;
				SDKROOT = "";
				WRAPPER_EXTENSION = app;
				ZERO_LINK = NO;
			};
			name = Development;
		};
		9F59D377089558A3001A998A /* Deployment */ = {
			isa = XCBuildConfiguration;
			buildSettings = {
				ARCHS = "$(ARCHS_STANDARD_64_BIT_PRE_XCODE_3_1)";
				ARCHS_STANDARD_64_BIT_PRE_XCODE_3_1 = x86_64;
				COPY_PHASE_STRIP = YES;
				GCC_ENABLE_FIX_AND_CONTINUE = NO;
				GCC_GENERATE_DEBUGGING_SYMBOLS = NO;
				GCC_PRECOMPILE_PREFIX_HEADER = YES;
				GCC_PREFIX_HEADER = "";
				GCC_WARN_ABOUT_RETURN_TYPE = YES;
				GCC_WARN_UNUSED_VARIABLE = YES;
				INFOPLIST_FILE = Info.plist;
				INSTALL_PATH = "$(HOME)/Applications";
				PREBINDING = NO;
				PRODUCT_NAME = ProductivePDF;
				SDKROOT = "";
				WRAPPER_EXTENSION = app;
				ZERO_LINK = NO;
			};
			name = Deployment;
		};
		9F59D378089558A3001A998A /* Default */ = {
			isa = XCBuildConfiguration;
			buildSettings = {
				ARCHS = "$(ARCHS_STANDARD_64_BIT_PRE_XCODE_3_1)";
				ARCHS_STANDARD_64_BIT_PRE_XCODE_3_1 = x86_64;
				GCC_GENERATE_DEBUGGING_SYMBOLS = NO;
				GCC_PRECOMPILE_PREFIX_HEADER = NO;
				GCC_PREFIX_HEADER = "";
				GCC_WARN_ABOUT_RETURN_TYPE = YES;
				GCC_WARN_UNUSED_VARIABLE = YES;
				INFOPLIST_FILE = Info.plist;
				INSTALL_PATH = "$(HOME)/Applications";
				PRODUCT_NAME = ProductivePDF;
				SDKROOT = "";
				WRAPPER_EXTENSION = app;
			};
			name = Default;
		};
		9F59D37A089558A3001A998A /* Development */ = {
			isa = XCBuildConfiguration;
			buildSettings = {
				ARCHS = (
					ppc,
					i386,
				);
				MACOSX_DEPLOYMENT_TARGET = 10.4;
				PREBINDING = NO;
				SDKROOT = /Developer/SDKs/MacOSX10.4u.sdk;
				ZERO_LINK = NO;
			};
			name = Development;
		};
		9F59D37B089558A3001A998A /* Deployment */ = {
			isa = XCBuildConfiguration;
			buildSettings = {
				ARCHS = (
					ppc,
					i386,
				);
				MACOSX_DEPLOYMENT_TARGET = 10.4;
				PREBINDING = NO;
				SDKROOT = /Developer/SDKs/MacOSX10.4u.sdk;
			};
			name = Deployment;
		};
		9F59D37C089558A3001A998A /* Default */ = {
			isa = XCBuildConfiguration;
			buildSettings = {
				ARCHS = (
					ppc,
					i386,
				);
				MACOSX_DEPLOYMENT_TARGET = 10.4;
				PREBINDING = NO;
				SDKROOT = /Developer/SDKs/MacOSX10.4u.sdk;
			};
			name = Default;
		};
/* End XCBuildConfiguration section */

/* Begin XCConfigurationList section */
		9F59D375089558A3001A998A /* Build configuration list for PBXNativeTarget "ProductivePDF" */ = {
			isa = XCConfigurationList;
			buildConfigurations = (
				9F59D376089558A3001A998A /* Development */,
				9F59D377089558A3001A998A /* Deployment */,
				9F59D378089558A3001A998A /* Default */,
			);
			defaultConfigurationIsVisible = 0;
			defaultConfigurationName = Default;
		};
		9F59D379089558A3001A998A /* Build configuration list for PBXProject "ProductivePDF" */ = {
			isa = XCConfigurationList;
			buildConfigurations = (
				9F59D37A089558A3001A998A /* Development */,
				9F59D37B089558A3001A998A /* Deployment */,
				9F59D37C089558A3001A998A /* Default */,
			);
			defaultConfigurationIsVisible = 0;
			defaultConfigurationName = Default;
		};
/* End XCConfigurationList section */
	};
	rootObject = 2A37F4A9FDCFA73011CA2CEA /* Project object */;
}
